
Microsoft Visual Studio Solution File, Format Version 12.00
# Visual Studio Version 17
VisualStudioVersion = 17.11.35327.3
MinimumVisualStudioVersion = 10.0.40219.1
Project("{FAE04EC0-301F-11D3-BF4B-00C04F79EFBC}") = "01_MainSubjects", "01_MainSubjects\01_MainSubjects.csproj", "{A34EDCAD-1D01-45FF-9D7E-53E84EA4F51C}"
EndProject
Project("{FAE04EC0-301F-11D3-BF4B-00C04F79EFBC}") = "02_Variables", "02_Variables\02_Variables.csproj", "{4724477E-34F8-4E6A-BDFB-7CB729A1298D}"
EndProject
Project("{FAE04EC0-301F-11D3-BF4B-00C04F79EFBC}") = "04_Loops", "04_Loops\04_Loops.csproj", "{BAA225A1-2164-4C30-8B1D-14BC3AD72BCE}"
EndProject
Project("{FAE04EC0-301F-11D3-BF4B-00C04F79EFBC}") = "05_LoopsWithStars", "05_LoopsWithStars\05_LoopsWithStars.csproj", "{D314C0BC-2BD0-47CF-9CB6-EC2A1663CEDB}"
EndProject
Global
	GlobalSection(SolutionConfigurationPlatforms) = preSolution
		Debug|Any CPU = Debug|Any CPU
		Release|Any CPU = Release|Any CPU
	EndGlobalSection
	GlobalSection(ProjectConfigurationPlatforms) = postSolution
		{A34EDCAD-1D01-45FF-9D7E-53E84EA4F51C}.Debug|Any CPU.ActiveCfg = Debug|Any CPU
		{A34EDCAD-1D01-45FF-9D7E-53E84EA4F51C}.Debug|Any CPU.Build.0 = Debug|Any CPU
		{A34EDCAD-1D01-45FF-9D7E-53E84EA4F51C}.Release|Any CPU.ActiveCfg = Release|Any CPU
		{A34EDCAD-1D01-45FF-9D7E-53E84EA4F51C}.Release|Any CPU.Build.0 = Release|Any CPU
		{4724477E-34F8-4E6A-BDFB-7CB729A1298D}.Debug|Any CPU.ActiveCfg = Debug|Any CPU
		{4724477E-34F8-4E6A-BDFB-7CB729A1298D}.Debug|Any CPU.Build.0 = Debug|Any CPU
		{4724477E-34F8-4E6A-BDFB-7CB729A1298D}.Release|Any CPU.ActiveCfg = Release|Any CPU
		{4724477E-34F8-4E6A-BDFB-7CB729A1298D}.Release|Any CPU.Build.0 = Release|Any CPU
		{BAA225A1-2164-4C30-8B1D-14BC3AD72BCE}.Debug|Any CPU.ActiveCfg = Debug|Any CPU
		{BAA225A1-2164-4C30-8B1D-14BC3AD72BCE}.Debug|Any CPU.Build.0 = Debug|Any CPU
		{BAA225A1-2164-4C30-8B1D-14BC3AD72BCE}.Release|Any CPU.ActiveCfg = Release|Any CPU
		{BAA225A1-2164-4C30-8B1D-14BC3AD72BCE}.Release|Any CPU.Build.0 = Release|Any CPU
		{D314C0BC-2BD0-47CF-9CB6-EC2A1663CEDB}.Debug|Any CPU.ActiveCfg = Debug|Any CPU
		{D314C0BC-2BD0-47CF-9CB6-EC2A1663CEDB}.Debug|Any CPU.Build.0 = Debug|Any CPU
		{D314C0BC-2BD0-47CF-9CB6-EC2A1663CEDB}.Release|Any CPU.ActiveCfg = Release|Any CPU
		{D314C0BC-2BD0-47CF-9CB6-EC2A1663CEDB}.Release|Any CPU.Build.0 = Release|Any CPU
	EndGlobalSection
	GlobalSection(SolutionProperties) = preSolution
		HideSolutionNode = FALSE
	EndGlobalSection
	GlobalSection(ExtensibilityGlobals) = postSolution
		SolutionGuid = {C014B3DC-9F9B-4263-BD01-2463172A8745}
	EndGlobalSection
EndGlobal
